
Microsoft Visual Studio Solution File, Format Version 12.00
Project("{2150E333-8FDC-42A3-9474-1A3956D46DE8}") = "PersistenceFramework", "PersistenceFramework", "{36BA043C-868B-4775-BE4E-6FC2855784E4}"
	ProjectSection(SolutionItems) = preProject
		README.md = README.md
		LICENSE = LICENSE
	EndProjectSection
EndProject
Project("{FAE04EC0-301F-11D3-BF4B-00C04F79EFBC}") = "PersistenceFramework", "src\PersistenceFramework\PersistenceFramework.csproj", "{2CDB767F-66A9-4E1A-A680-CAB76B13A1CF}"
EndProject
Project("{2150E333-8FDC-42A3-9474-1A3956D46DE8}") = "src", "src", "{D14854FD-4577-4708-843B-4DF764ADE30C}"
EndProject
Project("{2150E333-8FDC-42A3-9474-1A3956D46DE8}") = "tests", "tests", "{9493CC44-E2FA-4001-A59E-7EB30571EB28}"
EndProject
Project("{FAE04EC0-301F-11D3-BF4B-00C04F79EFBC}") = "PersistenceFramework.Tests", "tests\PersistenceFramework.Tests\PersistenceFramework.Tests.csproj", "{A5239A52-30F8-4BC3-855E-58F6708847FD}"
EndProject
Project("{FAE04EC0-301F-11D3-BF4B-00C04F79EFBC}") = "PersistenceFramework.Extensions.Prism", "src\PersistenceFramework.Extensions.Prism\PersistenceFramework.Extensions.Prism.csproj", "{38C5B4BE-0FCA-4D80-B4A4-DE434F142A6F}"
EndProject
Project("{FAE04EC0-301F-11D3-BF4B-00C04F79EFBC}") = "PersistenceFramework.Extensions.Prism.Tests", "tests\PersistenceFramework.Extensions.Prism.Tests\PersistenceFramework.Extensions.Prism.Tests.csproj", "{C8D5EB58-80C1-44E8-8AE4-3C8A9D52885E}"
EndProject
Global
	GlobalSection(SolutionConfigurationPlatforms) = preSolution
		Debug|Any CPU = Debug|Any CPU
		Release|Any CPU = Release|Any CPU
	EndGlobalSection
	GlobalSection(NestedProjects) = preSolution
		{2CDB767F-66A9-4E1A-A680-CAB76B13A1CF} = {D14854FD-4577-4708-843B-4DF764ADE30C}
		{A5239A52-30F8-4BC3-855E-58F6708847FD} = {9493CC44-E2FA-4001-A59E-7EB30571EB28}
		{38C5B4BE-0FCA-4D80-B4A4-DE434F142A6F} = {D14854FD-4577-4708-843B-4DF764ADE30C}
		{C8D5EB58-80C1-44E8-8AE4-3C8A9D52885E} = {9493CC44-E2FA-4001-A59E-7EB30571EB28}
	EndGlobalSection
	GlobalSection(ProjectConfigurationPlatforms) = postSolution
		{2CDB767F-66A9-4E1A-A680-CAB76B13A1CF}.Debug|Any CPU.ActiveCfg = Debug|Any CPU
		{2CDB767F-66A9-4E1A-A680-CAB76B13A1CF}.Debug|Any CPU.Build.0 = Debug|Any CPU
		{2CDB767F-66A9-4E1A-A680-CAB76B13A1CF}.Release|Any CPU.ActiveCfg = Release|Any CPU
		{2CDB767F-66A9-4E1A-A680-CAB76B13A1CF}.Release|Any CPU.Build.0 = Release|Any CPU
		{A5239A52-30F8-4BC3-855E-58F6708847FD}.Debug|Any CPU.ActiveCfg = Debug|Any CPU
		{A5239A52-30F8-4BC3-855E-58F6708847FD}.Debug|Any CPU.Build.0 = Debug|Any CPU
		{A5239A52-30F8-4BC3-855E-58F6708847FD}.Release|Any CPU.ActiveCfg = Release|Any CPU
		{A5239A52-30F8-4BC3-855E-58F6708847FD}.Release|Any CPU.Build.0 = Release|Any CPU
		{38C5B4BE-0FCA-4D80-B4A4-DE434F142A6F}.Debug|Any CPU.ActiveCfg = Debug|Any CPU
		{38C5B4BE-0FCA-4D80-B4A4-DE434F142A6F}.Debug|Any CPU.Build.0 = Debug|Any CPU
		{38C5B4BE-0FCA-4D80-B4A4-DE434F142A6F}.Release|Any CPU.ActiveCfg = Release|Any CPU
		{38C5B4BE-0FCA-4D80-B4A4-DE434F142A6F}.Release|Any CPU.Build.0 = Release|Any CPU
		{C8D5EB58-80C1-44E8-8AE4-3C8A9D52885E}.Debug|Any CPU.ActiveCfg = Debug|Any CPU
		{C8D5EB58-80C1-44E8-8AE4-3C8A9D52885E}.Debug|Any CPU.Build.0 = Debug|Any CPU
		{C8D5EB58-80C1-44E8-8AE4-3C8A9D52885E}.Release|Any CPU.ActiveCfg = Release|Any CPU
		{C8D5EB58-80C1-44E8-8AE4-3C8A9D52885E}.Release|Any CPU.Build.0 = Release|Any CPU
	EndGlobalSection
EndGlobal
