
Microsoft Visual Studio Solution File, Format Version 12.00
Project("{2150E333-8FDC-42A3-9474-1A3956D46DE8}") = "PersistenceFramework", "PersistenceFramework", "{36BA043C-868B-4775-BE4E-6FC2855784E4}"
	ProjectSection(SolutionItems) = preProject
		README.md = README.md
		LICENSE = LICENSE
	EndProjectSection
EndProject
Project("{FAE04EC0-301F-11D3-BF4B-00C04F79EFBC}") = "PersistenceFramework", "src\PersistenceFramework\PersistenceFramework.csproj", "{2CDB767F-66A9-4E1A-A680-CAB76B13A1CF}"
EndProject
Project("{2150E333-8FDC-42A3-9474-1A3956D46DE8}") = "src", "src", "{D14854FD-4577-4708-843B-4DF764ADE30C}"
EndProject
Global
	GlobalSection(SolutionConfigurationPlatforms) = preSolution
		Debug|Any CPU = Debug|Any CPU
		Release|Any CPU = Release|Any CPU
	EndGlobalSection
	GlobalSection(NestedProjects) = preSolution
		{2CDB767F-66A9-4E1A-A680-CAB76B13A1CF} = {D14854FD-4577-4708-843B-4DF764ADE30C}
	EndGlobalSection
	GlobalSection(ProjectConfigurationPlatforms) = postSolution
		{2CDB767F-66A9-4E1A-A680-CAB76B13A1CF}.Debug|Any CPU.ActiveCfg = Debug|Any CPU
		{2CDB767F-66A9-4E1A-A680-CAB76B13A1CF}.Debug|Any CPU.Build.0 = Debug|Any CPU
		{2CDB767F-66A9-4E1A-A680-CAB76B13A1CF}.Release|Any CPU.ActiveCfg = Release|Any CPU
		{2CDB767F-66A9-4E1A-A680-CAB76B13A1CF}.Release|Any CPU.Build.0 = Release|Any CPU
	EndGlobalSection
EndGlobal
